
Microsoft Visual Studio Solution File, Format Version 12.00
# Visual Studio Version 17
VisualStudioVersion = 17.9.34701.34
MinimumVisualStudioVersion = 10.0.40219.1
Project("{FAE04EC0-301F-11D3-BF4B-00C04F79EFBC}") = "UniversityManagement.API", "UniversityManagement.API.csproj", "{D416972A-EED8-4683-ACC9-64EC0D3F55CF}"
EndProject
Global
	GlobalSection(SolutionConfigurationPlatforms) = preSolution
		Debug|Any CPU = Debug|Any CPU
		Release|Any CPU = Release|Any CPU
	EndGlobalSection
	GlobalSection(ProjectConfigurationPlatforms) = postSolution
		{D416972A-EED8-4683-ACC9-64EC0D3F55CF}.Debug|Any CPU.ActiveCfg = Debug|Any CPU
		{D416972A-EED8-4683-ACC9-64EC0D3F55CF}.Debug|Any CPU.Build.0 = Debug|Any CPU
		{D416972A-EED8-4683-ACC9-64EC0D3F55CF}.Release|Any CPU.ActiveCfg = Release|Any CPU
		{D416972A-EED8-4683-ACC9-64EC0D3F55CF}.Release|Any CPU.Build.0 = Release|Any CPU
	EndGlobalSection
	GlobalSection(SolutionProperties) = preSolution
		HideSolutionNode = FALSE
	EndGlobalSection
	GlobalSection(ExtensibilityGlobals) = postSolution
		SolutionGuid = {5D1AB95A-E25D-46CA-9273-1E09425AA10A}
	EndGlobalSection
EndGlobal
